
Microsoft Visual Studio Solution File, Format Version 11.00
# Visual Studio 2010
Project("{8BC9CEB8-8B4A-11D0-8D11-00A0C91BC942}") = "iCNC_2015", "iCNC_2015\iCNC_2015.vcxproj", "{DAD8AEAB-339A-4E25-9A88-D801E9CA027C}"
EndProject
Global
	GlobalSection(SolutionConfigurationPlatforms) = preSolution
		Debug|Win32 = Debug|Win32
		Release|Win32 = Release|Win32
	EndGlobalSection
	GlobalSection(ProjectConfigurationPlatforms) = postSolution
		{DAD8AEAB-339A-4E25-9A88-D801E9CA027C}.Debug|Win32.ActiveCfg = Debug|Win32
		{DAD8AEAB-339A-4E25-9A88-D801E9CA027C}.Debug|Win32.Build.0 = Debug|Win32
		{DAD8AEAB-339A-4E25-9A88-D801E9CA027C}.Release|Win32.ActiveCfg = Release|Win32
		{DAD8AEAB-339A-4E25-9A88-D801E9CA027C}.Release|Win32.Build.0 = Release|Win32
	EndGlobalSection
	GlobalSection(SolutionProperties) = preSolution
		HideSolutionNode = FALSE
	EndGlobalSection
EndGlobal
